{
    "_readme": [
        "This file locks the dependencies of your project to a known state",
        "Read more about it at https://getcomposer.org/doc/01-basic-usage.md#installing-dependencies",
        "This file is @generated automatically"
    ],
    "content-hash": "d39d5e5f5f5f5f5f5f5f5f5f5f5f5f5f",
    "packages": [
        {
            "name": "resend/resend-php",
            "version": "0.9.0",
            "source": {
                "type": "git",
                "url": "https://github.com/resendlabs/resend-php.git",
                "reference": "v0.9.0"
            },
            "dist": {
                "type": "zip",
                "url": "https://api.github.com/repos/resendlabs/resend-php/zipball/v0.9.0",
                "reference": "v0.9.0"
            },
            "require": {
                "php": ">=7.4",
                "guzzlehttp/guzzle": "^7.0"
            },
            "type": "library",
            "autoload": {
                "psr-4": {
                    "Resend\\": "src/"
                }
            },
            "time": "2024-01-01T00:00:00+00:00"
        },
        {
            "name": "guzzlehttp/guzzle",
            "version": "7.8.1",
            "source": {
                "type": "git",
                "url": "https://github.com/guzzle/guzzle.git",
                "reference": "41042bc7c4411ac13afc36ad4c915b2956b56221"
            },
            "dist": {
                "type": "zip",
                "url": "https://api.github.com/repos/guzzle/guzzle/zipball/41042bc7c4411ac13afc36ad4c915b2956b56221",
                "reference": "41042bc7c4411ac13afc36ad4c915b2956b56221"
            },
            "require": {
                "guzzlehttp/promises": "^1.5.3 || ^2.0.1",
                "guzzlehttp/psr7": "^2.7.0",
                "php": ">=7.2.5",
                "psr/http-client": "^1.0.3",
                "symfony/deprecation-contracts": "^2.2 || ^3.0"
            },
            "type": "library",
            "time": "2024-01-01T00:00:00+00:00"
        },
        {
            "name": "guzzlehttp/promises",
            "version": "2.0.2",
            "source": {
                "type": "git",
                "url": "https://github.com/guzzle/promises.git",
                "reference": "bbff78311d4112ecc84c288544e3e60ce7f11d60"
            },
            "dist": {
                "type": "zip",
                "url": "https://api.github.com/repos/guzzle/promises/zipball/bbff78311d4112ecc84c288544e3e60ce7f11d60",
                "reference": "bbff78311d4112ecc84c288544e3e60ce7f11d60"
            },
            "require": {
                "php": ">=7.2.5"
            },
            "type": "library",
            "time": "2024-01-01T00:00:00+00:00"
        },
        {
            "name": "guzzlehttp/psr7",
            "version": "2.7.0",
            "source": {
                "type": "git",
                "url": "https://github.com/guzzle/psr7.git",
                "reference": "29fe44a58b6849eca30dae8b39acee25197b33ae"
            },
            "dist": {
                "type": "zip",
                "url": "https://api.github.com/repos/guzzle/psr7/zipball/29fe44a58b6849eca30dae8b39acee25197b33ae",
                "reference": "29fe44a58b6849eca30dae8b39acee25197b33ae"
            },
            "require": {
                "php": ">=7.2.5",
                "psr/http-factory": "^1.0",
                "psr/http-message": "^1.1 || ^2.0",
                "ralouphie/getallheaders": "^3.0"
            },
            "type": "library",
            "time": "2024-01-01T00:00:00+00:00"
        },
        {
            "name": "psr/http-client",
            "version": "1.0.3",
            "source": {
                "type": "git",
                "url": "https://github.com/php-fig/http-client.git",
                "reference": "bb5aeb9c2e680f0ee4b162e5b5c2a4358ytrewq"
            },
            "type": "library",
            "time": "2024-01-01T00:00:00+00:00"
        },
        {
            "name": "psr/http-factory",
            "version": "1.0.2",
            "source": {
                "type": "git",
                "url": "https://github.com/php-fig/http-factory.git",
                "reference": "e616d01114759c4c489f93b099585439f795fe35"
            },
            "type": "library",
            "time": "2024-01-01T00:00:00+00:00"
        },
        {
            "name": "psr/http-message",
            "version": "2.0.0",
            "source": {
                "type": "git",
                "url": "https://github.com/php-fig/http-message.git",
                "reference": "402d35bcb92c70c026d1a6a9883f06b2ead23537"
            },
            "type": "library",
            "time": "2024-01-01T00:00:00+00:00"
        },
        {
            "name": "ralouphie/getallheaders",
            "version": "3.0.3",
            "source": {
                "type": "git",
                "url": "https://github.com/ralouphie/getallheaders.git",
                "reference": "120b605dfee2249aba78f04684dbb0a9fb62c286"
            },
            "type": "library",
            "time": "2024-01-01T00:00:00+00:00"
        },
        {
            "name": "symfony/deprecation-contracts",
            "version": "3.4.0",
            "source": {
                "type": "git",
                "url": "https://github.com/symfony/deprecation-contracts.git",
                "reference": "7c3aff79d10325257a001fcf92d991f556aafcc9"
            },
            "type": "library",
            "time": "2024-01-01T00:00:00+00:00"
        }
    ],
    "packages-dev": [],
    "aliases": [],
    "minimum-stability": "stable",
    "stability-flags": {},
    "prefer-stable": false,
    "prefer-lowest": false,
    "platform": {
        "php": ">=7.2.0"
    },
    "platform-dev": {},
    "plugin-api-version": "2.3.0"
}
