{
    "_readme": [
        "This file locks the dependencies of your project to a known state"
    ],
    "content-hash": "da39a3ee5e6b4b0d3255bfef95601890afd80709",
    "packages": [],
    "packages-dev": [],
    "aliases": [],
    "minimum-stability": "stable",
    "stability-flags": {},
    "prefer-stable": false,
    "prefer-lowest": false,
    "platform": {
        "php": ">=7.2.0"
    },
    "platform-dev": {},
    "plugin-api-version": "2.3.0"
}
